
Microsoft Visual Studio Solution File, Format Version 12.00
# Visual Studio 14
VisualStudioVersion = 14.0.25420.1
MinimumVisualStudioVersion = 10.0.40219.1
Project("{FAE04EC0-301F-11D3-BF4B-00C04F79EFBC}") = "Antnf.KeyboardRemote.Client.Receiver", "Antnf.KeyboardRemote.Client.Receiver\Antnf.KeyboardRemote.Client.Receiver.csproj", "{1790EA28-97E5-4783-AB92-80DC625C263F}"
EndProject
Project("{FAE04EC0-301F-11D3-BF4B-00C04F79EFBC}") = "Antnf.KeyboardRemote.Tools", "Antnf.KeyboardRemote.Client\Antnf.KeyboardRemote.Tools.csproj", "{4DC1DABB-0DED-462F-AE01-538F449B42E3}"
EndProject
Project("{FAE04EC0-301F-11D3-BF4B-00C04F79EFBC}") = "Antnf.KeyboardRemote.Client.Sender", "Antnf.KeyboardRemote.Sender\Antnf.KeyboardRemote.Client.Sender.csproj", "{4BA6E91D-F2C9-435F-983B-F6BF1934471F}"
EndProject
Project("{FAE04EC0-301F-11D3-BF4B-00C04F79EFBC}") = "Antnf.KeyboardRemote.Client.Sender.WPF", "Antnf.KeyboardRemote.Client.Sender\Antnf.KeyboardRemote.Client.Sender.WPF.csproj", "{19E9B2DF-508D-489F-ACE3-677A6230A325}"
EndProject
Global
	GlobalSection(SolutionConfigurationPlatforms) = preSolution
		Debug|Any CPU = Debug|Any CPU
		Release|Any CPU = Release|Any CPU
	EndGlobalSection
	GlobalSection(ProjectConfigurationPlatforms) = postSolution
		{1790EA28-97E5-4783-AB92-80DC625C263F}.Debug|Any CPU.ActiveCfg = Debug|Any CPU
		{1790EA28-97E5-4783-AB92-80DC625C263F}.Debug|Any CPU.Build.0 = Debug|Any CPU
		{1790EA28-97E5-4783-AB92-80DC625C263F}.Release|Any CPU.ActiveCfg = Release|Any CPU
		{1790EA28-97E5-4783-AB92-80DC625C263F}.Release|Any CPU.Build.0 = Release|Any CPU
		{4DC1DABB-0DED-462F-AE01-538F449B42E3}.Debug|Any CPU.ActiveCfg = Debug|Any CPU
		{4DC1DABB-0DED-462F-AE01-538F449B42E3}.Debug|Any CPU.Build.0 = Debug|Any CPU
		{4DC1DABB-0DED-462F-AE01-538F449B42E3}.Release|Any CPU.ActiveCfg = Release|Any CPU
		{4DC1DABB-0DED-462F-AE01-538F449B42E3}.Release|Any CPU.Build.0 = Release|Any CPU
		{4BA6E91D-F2C9-435F-983B-F6BF1934471F}.Debug|Any CPU.ActiveCfg = Debug|Any CPU
		{4BA6E91D-F2C9-435F-983B-F6BF1934471F}.Debug|Any CPU.Build.0 = Debug|Any CPU
		{4BA6E91D-F2C9-435F-983B-F6BF1934471F}.Release|Any CPU.ActiveCfg = Release|Any CPU
		{4BA6E91D-F2C9-435F-983B-F6BF1934471F}.Release|Any CPU.Build.0 = Release|Any CPU
		{19E9B2DF-508D-489F-ACE3-677A6230A325}.Debug|Any CPU.ActiveCfg = Debug|Any CPU
		{19E9B2DF-508D-489F-ACE3-677A6230A325}.Debug|Any CPU.Build.0 = Debug|Any CPU
		{19E9B2DF-508D-489F-ACE3-677A6230A325}.Release|Any CPU.ActiveCfg = Release|Any CPU
		{19E9B2DF-508D-489F-ACE3-677A6230A325}.Release|Any CPU.Build.0 = Release|Any CPU
	EndGlobalSection
	GlobalSection(SolutionProperties) = preSolution
		HideSolutionNode = FALSE
	EndGlobalSection
EndGlobal
