
Microsoft Visual Studio Solution File, Format Version 12.00
# Visual Studio 14
VisualStudioVersion = 14.0.25123.0
MinimumVisualStudioVersion = 10.0.40219.1
Project("{FAE04EC0-301F-11D3-BF4B-00C04F79EFBC}") = "Antnf.KeyboardRemote.Client.Receiver", "Antnf.KeyboardRemote.Client.Receiver\Antnf.KeyboardRemote.Client.Receiver.csproj", "{1790EA28-97E5-4783-AB92-80DC625C263F}"
EndProject
Project("{FAE04EC0-301F-11D3-BF4B-00C04F79EFBC}") = "Antnf.KeyboardRemote.Tools", "Antnf.KeyboardRemote.Tools\Antnf.KeyboardRemote.Tools.csproj", "{4DC1DABB-0DED-462F-AE01-538F449B42E3}"
EndProject
Project("{FAE04EC0-301F-11D3-BF4B-00C04F79EFBC}") = "Antnf.KeyboardRemote.Client.Sender", "Antnf.KeyboardRemote.CLient.Sender\Antnf.KeyboardRemote.Client.Sender.csproj", "{4BA6E91D-F2C9-435F-983B-F6BF1934471F}"
EndProject
Project("{FAE04EC0-301F-11D3-BF4B-00C04F79EFBC}") = "Antnf.KeyboardRemote.Client.Sender.WPF", "Antnf.KeyboardRemote.Client.Sender.WPF\Antnf.KeyboardRemote.Client.Sender.WPF.csproj", "{19E9B2DF-508D-489F-ACE3-677A6230A325}"
EndProject
Project("{FAE04EC0-301F-11D3-BF4B-00C04F79EFBC}") = "Antnf.KeyboardRemote.Client.Components", "Antnf.KeyboardRemote.Client.Components\Antnf.KeyboardRemote.Client.Components.csproj", "{EFE1066F-D816-45F5-B04D-C27FFF614F9C}"
EndProject
Project("{FAE04EC0-301F-11D3-BF4B-00C04F79EFBC}") = "Antnf.KeyboardRemote.Server", "Antnf.KeyboardRemote.Server\Antnf.KeyboardRemote.Server.csproj", "{5B4EFBD5-EBF8-4B8D-ABD5-6E8A4FC5FD8B}"
EndProject
Project("{FAE04EC0-301F-11D3-BF4B-00C04F79EFBC}") = "Antnf.KeyboardRemote.Server.Console", "Antnf.KeyboardRemote.Server.Console\Antnf.KeyboardRemote.Server.Console.csproj", "{D075628F-554F-42F8-8C88-C13B38A12EFE}"
EndProject
Global
	GlobalSection(SolutionConfigurationPlatforms) = preSolution
		Debug|Any CPU = Debug|Any CPU
		Release|Any CPU = Release|Any CPU
	EndGlobalSection
	GlobalSection(ProjectConfigurationPlatforms) = postSolution
		{1790EA28-97E5-4783-AB92-80DC625C263F}.Debug|Any CPU.ActiveCfg = Debug|Any CPU
		{1790EA28-97E5-4783-AB92-80DC625C263F}.Debug|Any CPU.Build.0 = Debug|Any CPU
		{1790EA28-97E5-4783-AB92-80DC625C263F}.Release|Any CPU.ActiveCfg = Release|Any CPU
		{1790EA28-97E5-4783-AB92-80DC625C263F}.Release|Any CPU.Build.0 = Release|Any CPU
		{4DC1DABB-0DED-462F-AE01-538F449B42E3}.Debug|Any CPU.ActiveCfg = Debug|Any CPU
		{4DC1DABB-0DED-462F-AE01-538F449B42E3}.Debug|Any CPU.Build.0 = Debug|Any CPU
		{4DC1DABB-0DED-462F-AE01-538F449B42E3}.Release|Any CPU.ActiveCfg = Release|Any CPU
		{4DC1DABB-0DED-462F-AE01-538F449B42E3}.Release|Any CPU.Build.0 = Release|Any CPU
		{4BA6E91D-F2C9-435F-983B-F6BF1934471F}.Debug|Any CPU.ActiveCfg = Debug|Any CPU
		{4BA6E91D-F2C9-435F-983B-F6BF1934471F}.Debug|Any CPU.Build.0 = Debug|Any CPU
		{4BA6E91D-F2C9-435F-983B-F6BF1934471F}.Release|Any CPU.ActiveCfg = Release|Any CPU
		{4BA6E91D-F2C9-435F-983B-F6BF1934471F}.Release|Any CPU.Build.0 = Release|Any CPU
		{19E9B2DF-508D-489F-ACE3-677A6230A325}.Debug|Any CPU.ActiveCfg = Debug|Any CPU
		{19E9B2DF-508D-489F-ACE3-677A6230A325}.Debug|Any CPU.Build.0 = Debug|Any CPU
		{19E9B2DF-508D-489F-ACE3-677A6230A325}.Release|Any CPU.ActiveCfg = Release|Any CPU
		{19E9B2DF-508D-489F-ACE3-677A6230A325}.Release|Any CPU.Build.0 = Release|Any CPU
<<<<<<< HEAD
		{EFE1066F-D816-45F5-B04D-C27FFF614F9C}.Debug|Any CPU.ActiveCfg = Debug|Any CPU
		{EFE1066F-D816-45F5-B04D-C27FFF614F9C}.Debug|Any CPU.Build.0 = Debug|Any CPU
		{EFE1066F-D816-45F5-B04D-C27FFF614F9C}.Release|Any CPU.ActiveCfg = Release|Any CPU
		{EFE1066F-D816-45F5-B04D-C27FFF614F9C}.Release|Any CPU.Build.0 = Release|Any CPU
=======
		{D490C102-95E7-4FA5-8CB6-9B3846556FDC}.Debug|Any CPU.ActiveCfg = Debug|Any CPU
		{D490C102-95E7-4FA5-8CB6-9B3846556FDC}.Debug|Any CPU.Build.0 = Debug|Any CPU
		{D490C102-95E7-4FA5-8CB6-9B3846556FDC}.Release|Any CPU.ActiveCfg = Release|Any CPU
		{D490C102-95E7-4FA5-8CB6-9B3846556FDC}.Release|Any CPU.Build.0 = Release|Any CPU
		{5B4EFBD5-EBF8-4B8D-ABD5-6E8A4FC5FD8B}.Debug|Any CPU.ActiveCfg = Debug|Any CPU
		{5B4EFBD5-EBF8-4B8D-ABD5-6E8A4FC5FD8B}.Debug|Any CPU.Build.0 = Debug|Any CPU
		{5B4EFBD5-EBF8-4B8D-ABD5-6E8A4FC5FD8B}.Release|Any CPU.ActiveCfg = Release|Any CPU
		{5B4EFBD5-EBF8-4B8D-ABD5-6E8A4FC5FD8B}.Release|Any CPU.Build.0 = Release|Any CPU
		{D075628F-554F-42F8-8C88-C13B38A12EFE}.Debug|Any CPU.ActiveCfg = Debug|Any CPU
		{D075628F-554F-42F8-8C88-C13B38A12EFE}.Debug|Any CPU.Build.0 = Debug|Any CPU
		{D075628F-554F-42F8-8C88-C13B38A12EFE}.Release|Any CPU.ActiveCfg = Release|Any CPU
		{D075628F-554F-42F8-8C88-C13B38A12EFE}.Release|Any CPU.Build.0 = Release|Any CPU
>>>>>>> 7af2df3d632ce70ceb8a9cf43ea58642a9ccb104
	EndGlobalSection
	GlobalSection(SolutionProperties) = preSolution
		HideSolutionNode = FALSE
	EndGlobalSection
EndGlobal
